
Microsoft Visual Studio Solution File, Format Version 12.00
# Visual Studio Version 16
VisualStudioVersion = 16.0.32106.194
MinimumVisualStudioVersion = 10.0.40219.1
Project("{8BC9CEB8-8B4A-11D0-8D11-00A0C91BC942}") = "(3_b) Trojuhelnik", "(3_b) Trojuhelnik\(3_b) Trojuhelnik.vcxproj", "{48A973B8-5E1E-4C4F-BECA-4C6DC806294B}"
EndProject
Global
	GlobalSection(SolutionConfigurationPlatforms) = preSolution
		Debug|x64 = Debug|x64
		Debug|x86 = Debug|x86
		Release|x64 = Release|x64
		Release|x86 = Release|x86
	EndGlobalSection
	GlobalSection(ProjectConfigurationPlatforms) = postSolution
		{48A973B8-5E1E-4C4F-BECA-4C6DC806294B}.Debug|x64.ActiveCfg = Debug|x64
		{48A973B8-5E1E-4C4F-BECA-4C6DC806294B}.Debug|x64.Build.0 = Debug|x64
		{48A973B8-5E1E-4C4F-BECA-4C6DC806294B}.Debug|x86.ActiveCfg = Debug|Win32
		{48A973B8-5E1E-4C4F-BECA-4C6DC806294B}.Debug|x86.Build.0 = Debug|Win32
		{48A973B8-5E1E-4C4F-BECA-4C6DC806294B}.Release|x64.ActiveCfg = Release|x64
		{48A973B8-5E1E-4C4F-BECA-4C6DC806294B}.Release|x64.Build.0 = Release|x64
		{48A973B8-5E1E-4C4F-BECA-4C6DC806294B}.Release|x86.ActiveCfg = Release|Win32
		{48A973B8-5E1E-4C4F-BECA-4C6DC806294B}.Release|x86.Build.0 = Release|Win32
	EndGlobalSection
	GlobalSection(SolutionProperties) = preSolution
		HideSolutionNode = FALSE
	EndGlobalSection
	GlobalSection(ExtensibilityGlobals) = postSolution
		SolutionGuid = {3EE7C146-DAEA-4A2D-8378-D6B80B6E623F}
	EndGlobalSection
EndGlobal
